# generated by rye
# use `rye lock` or `rye sync` to update this lockfile
#
# last locked with the following flags:
#   pre: false
#   features: []
#   all-features: false
#   with-sources: false
#   generate-hashes: false

-e file:.
certifi==2024.6.2
    # via requests
charset-normalizer==3.3.2
    # via requests
click==8.1.7
    # via gtts
colorama==0.4.6
    # via click
comtypes==1.4.4
    # via pyttsx3
gtts==2.5.1
    # via english
idna==3.7
    # via requests
pillow==10.4.0
    # via english
playsound==1.2.2
    # via english
pyasn1==0.6.0
    # via rsa
pypiwin32==223
    # via pyttsx3
pysimplegui==5.0.6
    # via english
pyttsx3==2.90
    # via english
pywin32==306
    # via pypiwin32
    # via pyttsx3
requests==2.32.3
    # via gtts
rsa==4.9
    # via pysimplegui
urllib3==2.2.2
    # via requests
